PODS:
  - Flutter (1.0.0)
  - mt_carplay (1.1.0):
    - Flutter

DEPENDENCIES:
  - Flutter (from `Flutter`)
  - mt_carplay (from `.symlinks/plugins/mt_carplay/ios`)

EXTERNAL SOURCES:
  Flutter:
    :path: Flutter
  mt_carplay:
    :path: ".symlinks/plugins/mt_carplay/ios"

SPEC CHECKSUMS:
  Flutter: cabc95a1d2626b1b06e7179b784ebcf0c0cde467
  mt_carplay: 96e20fceb5451cd8b02395df819c191041218b48

PODFILE CHECKSUM: 775997f741c536251164e3eacf6e34abf2eb7a17

COCOAPODS: 1.16.2
